schema: '2.0'
stages:
  make_dataset:
    cmd: python -m src.stages.make_dataset --config=params.yaml
    deps:
    - path: src/stages/make_dataset.py
      md5: 97bfa081d081afa28f756edc66c22689
      size: 1069
    outs:
    - path: data/raw/rent.csv
      md5: 0dcd758aaaebe0d4da3c4a0022489048
      size: 37609113
  build_features:
    cmd: python -m src.stages.build_features --config=params.yaml
    deps:
    - path: data/interim/rent.csv
      md5: 0de78b7679b1990188a671b86c0b7793
      size: 89423
    - path: src/stages/build_features.py
      md5: eaf6f2057b630726300379286a591108
      size: 871
    outs:
    - path: data/processed/rent.csv
      md5: 0de78b7679b1990188a671b86c0b7793
      size: 89423
  data_split:
    cmd: python -m src.stages.data_split --config=params.yaml
    deps:
    - path: data/processed/rent.csv
      md5: 0de78b7679b1990188a671b86c0b7793
      size: 89423
    - path: src/stages/data_split.py
      md5: 2247f4fdd88b038551aad0f451bcc4b1
      size: 1504
    outs:
    - path: data/processed/test_x_rent.csv
      md5: b08e7fd19d3a0e8a64e8eda405005f4f
      size: 15003
    - path: data/processed/test_y_rent.csv
      md5: 7ef7c4860ea2d99e9ffdca95b4babb87
      size: 2952
    - path: data/processed/train_x_rent.csv
      md5: ef34b29fc8098bc634f8067b3fcda6e8
      size: 59745
    - path: data/processed/train_y_rent.csv
      md5: 695d0f73c9c9d33a73c7c08692d3e774
      size: 11752
  train:
    cmd: python -m src.stages.train --config=params.yaml
    deps:
    - path: data/processed/train_x_rent.csv
      md5: ef34b29fc8098bc634f8067b3fcda6e8
      size: 59745
    - path: data/processed/train_y_rent.csv
      md5: 695d0f73c9c9d33a73c7c08692d3e774
      size: 11752
    - path: src/stages/train.py
      md5: 9d0712ff4828056a6f4ac9a458e9f5c1
      size: 1094
    outs:
    - path: models/pipeline.joblib
      md5: 24cf5b218cf871177574ff61942ee542
      size: 2524
  evaluate:
    cmd: python -m src.stages.evaluate --config=params.yaml
    deps:
    - path: data/processed/test_x_rent.csv
      md5: b08e7fd19d3a0e8a64e8eda405005f4f
      size: 15003
    - path: data/processed/test_y_rent.csv
      md5: 7ef7c4860ea2d99e9ffdca95b4babb87
      size: 2952
    - path: models/pipeline.joblib
      md5: 24cf5b218cf871177574ff61942ee542
      size: 2524
    - path: src/stages/evaluate.py
      md5: cc346d595b04c322ab7a93b5cdee83a5
      size: 2098
    outs:
    - path: reports/figures/actual_vs_predicted.png
      md5: 4a14709d49dd0a8362c116cda1061089
      size: 22990
    - path: reports/figures/data_actual_vs_predicted.csv
      md5: 5166c70cb6ca548a0ec1b35200ac23b9
      size: 13903
    - path: reports/metrics.json
      md5: b2c9e97702e773a2559f7dd481591bb6
      size: 63
  clean_dataset:
    cmd: python -m src.stages.clean_dataset --config=params.yaml
    deps:
    - path: data/raw/rent.csv
      md5: 0dcd758aaaebe0d4da3c4a0022489048
      size: 37609113
    - path: src/stages/make_dataset.py
      md5: 97bfa081d081afa28f756edc66c22689
      size: 1069
    outs:
    - path: data/interim/rent.csv
      md5: 0de78b7679b1990188a671b86c0b7793
      size: 89423
